
Microsoft Visual Studio Solution File, Format Version 12.00
# Visual Studio Version 17
VisualStudioVersion = 17.14.36717.8
MinimumVisualStudioVersion = 10.0.40219.1
Project("{FAE04EC0-301F-11D3-BF4B-00C04F79EFBC}") = "CManager.Core", "CManager.Core\CManager.Core.csproj", "{FBD01759-5580-48B5-B802-3D777C9C9F38}"
EndProject
Project("{FAE04EC0-301F-11D3-BF4B-00C04F79EFBC}") = "CManager.Infrastructure", "CManager.Infrastructure\CManager.Infrastructure.csproj", "{4BD63D46-E18E-4405-8D5B-179C9C911147}"
EndProject
Project("{FAE04EC0-301F-11D3-BF4B-00C04F79EFBC}") = "CManager.Application", "CManager.Application\CManager.Application.csproj", "{30F858AB-4D65-438F-A5AB-6601066F7EAF}"
EndProject
Project("{FAE04EC0-301F-11D3-BF4B-00C04F79EFBC}") = "CManager.Presentaion.ConsoleApp", "CManager.Presentaion.ConsoleApp\CManager.Presentaion.ConsoleApp.csproj", "{46337C37-FFF1-4F85-9713-8E71A2791142}"
EndProject
Project("{FAE04EC0-301F-11D3-BF4B-00C04F79EFBC}") = "CManager.Tests", "CManager.Tests\CManager.Tests.csproj", "{81D8C1D2-1BE2-4DD9-B1FE-8C0318F9FB8C}"
EndProject
79bc4ac643de95555978df45a0acb116b2964cb9
Project("{FAE04EC0-301F-11D3-BF4B-00C04F79EFBC}") = "CManager.Tests", "CManager.Tests\CManager.Tests.csproj", "{81D8C1D2-1BE2-4DD9-B1FE-8C0318F9FB8C}"
EndProject
Project("{FAE04EC0-301F-11D3-BF4B-00C04F79EFBC}") = "CManager.Presentation.GuiApp", "CManager.Presentation.GuiApp\CManager.Presentation.GuiApp.csproj", "{7E6E836C-7A93-4033-8A69-83D762FB667F}"
EndProject
Global
	GlobalSection(SolutionConfigurationPlatforms) = preSolution
		Debug|Any CPU = Debug|Any CPU
		Release|Any CPU = Release|Any CPU
	EndGlobalSection
	GlobalSection(ProjectConfigurationPlatforms) = postSolution
		{FBD01759-5580-48B5-B802-3D777C9C9F38}.Debug|Any CPU.ActiveCfg = Debug|Any CPU
		{FBD01759-5580-48B5-B802-3D777C9C9F38}.Debug|Any CPU.Build.0 = Debug|Any CPU
		{FBD01759-5580-48B5-B802-3D777C9C9F38}.Release|Any CPU.ActiveCfg = Release|Any CPU
		{FBD01759-5580-48B5-B802-3D777C9C9F38}.Release|Any CPU.Build.0 = Release|Any CPU
		{4BD63D46-E18E-4405-8D5B-179C9C911147}.Debug|Any CPU.ActiveCfg = Debug|Any CPU
		{4BD63D46-E18E-4405-8D5B-179C9C911147}.Debug|Any CPU.Build.0 = Debug|Any CPU
		{4BD63D46-E18E-4405-8D5B-179C9C911147}.Release|Any CPU.ActiveCfg = Release|Any CPU
		{4BD63D46-E18E-4405-8D5B-179C9C911147}.Release|Any CPU.Build.0 = Release|Any CPU
		{30F858AB-4D65-438F-A5AB-6601066F7EAF}.Debug|Any CPU.ActiveCfg = Debug|Any CPU
		{30F858AB-4D65-438F-A5AB-6601066F7EAF}.Debug|Any CPU.Build.0 = Debug|Any CPU
		{30F858AB-4D65-438F-A5AB-6601066F7EAF}.Release|Any CPU.ActiveCfg = Release|Any CPU
		{30F858AB-4D65-438F-A5AB-6601066F7EAF}.Release|Any CPU.Build.0 = Release|Any CPU
		{46337C37-FFF1-4F85-9713-8E71A2791142}.Debug|Any CPU.ActiveCfg = Debug|Any CPU
		{46337C37-FFF1-4F85-9713-8E71A2791142}.Debug|Any CPU.Build.0 = Debug|Any CPU
		{46337C37-FFF1-4F85-9713-8E71A2791142}.Release|Any CPU.ActiveCfg = Release|Any CPU
		{46337C37-FFF1-4F85-9713-8E71A2791142}.Release|Any CPU.Build.0 = Release|Any CPU
		{81D8C1D2-1BE2-4DD9-B1FE-8C0318F9FB8C}.Debug|Any CPU.ActiveCfg = Debug|Any CPU
		{81D8C1D2-1BE2-4DD9-B1FE-8C0318F9FB8C}.Debug|Any CPU.Build.0 = Debug|Any CPU
		{81D8C1D2-1BE2-4DD9-B1FE-8C0318F9FB8C}.Release|Any CPU.ActiveCfg = Release|Any CPU
		{81D8C1D2-1BE2-4DD9-B1FE-8C0318F9FB8C}.Release|Any CPU.Build.0 = Release|Any CPU
		{7E6E836C-7A93-4033-8A69-83D762FB667F}.Debug|Any CPU.ActiveCfg = Debug|Any CPU
		{7E6E836C-7A93-4033-8A69-83D762FB667F}.Debug|Any CPU.Build.0 = Debug|Any CPU
		{7E6E836C-7A93-4033-8A69-83D762FB667F}.Release|Any CPU.ActiveCfg = Release|Any CPU
		{7E6E836C-7A93-4033-8A69-83D762FB667F}.Release|Any CPU.Build.0 = Release|Any CPU
	EndGlobalSection
	GlobalSection(SolutionProperties) = preSolution
		HideSolutionNode = FALSE
	EndGlobalSection
	GlobalSection(ExtensibilityGlobals) = postSolution
		SolutionGuid = {34A7C153-A972-40EB-8A45-B14EE258CBA9}
	EndGlobalSection
EndGlobal
